
Microsoft Visual Studio Solution File, Format Version 12.00
# Visual Studio Version 16
VisualStudioVersion = 16.0.31515.178
MinimumVisualStudioVersion = 10.0.40219.1
Project("{FAE04EC0-301F-11D3-BF4B-00C04F79EFBC}") = "Pratice", "Pratice\Pratice.csproj", "{4E47FD3A-5875-4FA6-B599-56EDB5036560}"
EndProject
Global
	GlobalSection(SolutionConfigurationPlatforms) = preSolution
		Debug|Any CPU = Debug|Any CPU
		Release|Any CPU = Release|Any CPU
	EndGlobalSection
	GlobalSection(ProjectConfigurationPlatforms) = postSolution
		{4E47FD3A-5875-4FA6-B599-56EDB5036560}.Debug|Any CPU.ActiveCfg = Debug|Any CPU
		{4E47FD3A-5875-4FA6-B599-56EDB5036560}.Debug|Any CPU.Build.0 = Debug|Any CPU
		{4E47FD3A-5875-4FA6-B599-56EDB5036560}.Release|Any CPU.ActiveCfg = Release|Any CPU
		{4E47FD3A-5875-4FA6-B599-56EDB5036560}.Release|Any CPU.Build.0 = Release|Any CPU
	EndGlobalSection
	GlobalSection(SolutionProperties) = preSolution
		HideSolutionNode = FALSE
	EndGlobalSection
	GlobalSection(ExtensibilityGlobals) = postSolution
		SolutionGuid = {E14F090A-59BF-4A0B-8B45-296219DD4875}
	EndGlobalSection
EndGlobal
